version = 1
revision = 1
requires-python = ">=3.10"

[[package]]
name = "arpeggio"
version = "2.0.3"
source = { registry = "https://pypi.org/simple" }
sdist = { url = "https://files.pythonhosted.org/packages/3b/58/ba011f3cf8291804ce80f9d81289ac15f0319a27f9d7e3c124aa5e4981cc/Arpeggio-2.0.3.tar.gz", hash = "sha256:9e85ad35cfc6c938676817c7ae9a1000a7c72a34c71db0c687136c460d12b85e", size = 766566 }
wheels = [
    { url = "https://files.pythonhosted.org/packages/84/4d/53b8186b41842f7a5e971b1d1c28e678364dcf841e4170f5d14d38ac1e2a/Arpeggio-2.0.3-py2.py3-none-any.whl", hash = "sha256:9374d9c531b62018b787635f37fd81c9a6ee69ef2d28c5db3cd18791b1f7db2f", size = 54656 },
]

[[package]]
name = "b2cdsl"
version = "0.1.0"
source = { editable = "." }
dependencies = [
    { name = "textx" },
]

[package.metadata]
requires-dist = [{ name = "textx", specifier = ">=4.1.0" }]

[[package]]
name = "textx"
version = "4.3.0"
source = { registry = "https://pypi.org/simple" }
dependencies = [
    { name = "arpeggio" },
]
sdist = { url = "https://files.pythonhosted.org/packages/f0/fe/1cec25321efa564257bcad2fca7da8d21b2beb826b32013bc8f85e67ae64/textx-4.3.0.tar.gz", hash = "sha256:0facac8029ad124ef21e5838dd8eb67f10129efcee96ea3548f5fd62428a9880", size = 2224357 }
wheels = [
    { url = "https://files.pythonhosted.org/packages/53/ae/27c651f06e0a9b425779cdc6d3463586e4f63f0c0365585120b4a539cba1/textx-4.3.0-py3-none-any.whl", hash = "sha256:261535f7e2de1529604026d58bf7dae9e40788644def4d033ca781680fa5dae7", size = 68560 },
]
